
Microsoft Visual Studio Solution File, Format Version 12.00
# Visual Studio Version 16
VisualStudioVersion = 16.0.30804.86
MinimumVisualStudioVersion = 10.0.40219.1
Project("{FAE04EC0-301F-11D3-BF4B-00C04F79EFBC}") = "DBFrameWork", "DBFrameWork\DBFrameWork.csproj", "{7340F588-1AD7-4BF3-8C9A-C2A282A92A38}"
EndProject
Project("{FAE04EC0-301F-11D3-BF4B-00C04F79EFBC}") = "DBLibrary", "DBLibrary\DBLibrary.csproj", "{16AC1331-B206-4A6A-918A-3ECF9DE0A69F}"
EndProject
Global
	GlobalSection(SolutionConfigurationPlatforms) = preSolution
		Debug|Any CPU = Debug|Any CPU
		Release|Any CPU = Release|Any CPU
	EndGlobalSection
	GlobalSection(ProjectConfigurationPlatforms) = postSolution
		{7340F588-1AD7-4BF3-8C9A-C2A282A92A38}.Debug|Any CPU.ActiveCfg = Debug|Any CPU
		{7340F588-1AD7-4BF3-8C9A-C2A282A92A38}.Debug|Any CPU.Build.0 = Debug|Any CPU
		{7340F588-1AD7-4BF3-8C9A-C2A282A92A38}.Release|Any CPU.ActiveCfg = Release|Any CPU
		{7340F588-1AD7-4BF3-8C9A-C2A282A92A38}.Release|Any CPU.Build.0 = Release|Any CPU
		{16AC1331-B206-4A6A-918A-3ECF9DE0A69F}.Debug|Any CPU.ActiveCfg = Debug|Any CPU
		{16AC1331-B206-4A6A-918A-3ECF9DE0A69F}.Debug|Any CPU.Build.0 = Debug|Any CPU
		{16AC1331-B206-4A6A-918A-3ECF9DE0A69F}.Release|Any CPU.ActiveCfg = Release|Any CPU
		{16AC1331-B206-4A6A-918A-3ECF9DE0A69F}.Release|Any CPU.Build.0 = Release|Any CPU
	EndGlobalSection
	GlobalSection(SolutionProperties) = preSolution
		HideSolutionNode = FALSE
	EndGlobalSection
	GlobalSection(ExtensibilityGlobals) = postSolution
		SolutionGuid = {732D827B-70E8-4F7C-9224-0959E84C6C33}
	EndGlobalSection
EndGlobal
